// !$*UTF8*$!
{
	archiveVersion = 1;
	classes = {
	};
	objectVersion = 46;
	objects = {

/* Begin PBXBuildFile section */
		47D664C717170AAF007C33CA /* UIKit.framework in Frameworks */ = {isa = PBXBuildFile; fileRef = 47D664C617170AAF007C33CA /* UIKit.framework */; };
		47D664C917170AAF007C33CA /* Foundation.framework in Frameworks */ = {isa = PBXBuildFile; fileRef = 47D664C817170AAF007C33CA /* Foundation.framework */; };
		47D664CB17170AAF007C33CA /* CoreGraphics.framework in Frameworks */ = {isa = PBXBuildFile; fileRef = 47D664CA17170AAF007C33CA /* CoreGraphics.framework */; };
		47D664D117170AAF007C33CA /* InfoPlist.strings in Resources */ = {isa = PBXBuildFile; fileRef = 47D664CF17170AAF007C33CA /* InfoPlist.strings */; };
		47D664D317170AAF007C33CA /* main.m in Sources */ = {isa = PBXBuildFile; fileRef = 47D664D217170AAF007C33CA /* main.m */; };
		47D664D717170AAF007C33CA /* AppDelegate.m in Sources */ = {isa = PBXBuildFile; fileRef = 47D664D617170AAF007C33CA /* AppDelegate.m */; };
		47D664D917170AAF007C33CA /* Default.png in Resources */ = {isa = PBXBuildFile; fileRef = 47D664D817170AAF007C33CA /* Default.png */; };
		47D664DB17170AAF007C33CA /* Default@2x.png in Resources */ = {isa = PBXBuildFile; fileRef = 47D664DA17170AAF007C33CA /* Default@2x.png */; };
		47D664DD17170AAF007C33CA /* Default-568h@2x.png in Resources */ = {isa = PBXBuildFile; fileRef = 47D664DC17170AAF007C33CA /* Default-568h@2x.png */; };
		47D664E017170AAF007C33CA /* MainStoryboard.storyboard in Resources */ = {isa = PBXBuildFile; fileRef = 47D664DE17170AAF007C33CA /* MainStoryboard.storyboard */; };
		47D664E317170AAF007C33CA /* ViewController.m in Sources */ = {isa = PBXBuildFile; fileRef = 47D664E217170AAF007C33CA /* ViewController.m */; };
		47D664ED17170C05007C33CA /* 1PercentBlue.JPG in Resources */ = {isa = PBXBuildFile; fileRef = 47D664EA17170C05007C33CA /* 1PercentBlue.JPG */; };
		47D664F117170D46007C33CA /* Logo_small.png in Resources */ = {isa = PBXBuildFile; fileRef = 47D664F017170D46007C33CA /* Logo_small.png */; };
		47D664F317170D5B007C33CA /* Logo.png in Resources */ = {isa = PBXBuildFile; fileRef = 47D664F217170D5B007C33CA /* Logo.png */; };
/* End PBXBuildFile section */

/* Begin PBXFileReference section */
		47D664C317170AAF007C33CA /* SorryNoBattery.app */ = {isa = PBXFileReference; explicitFileType = wrapper.application; includeInIndex = 0; path = SorryNoBattery.app; sourceTree = BUILT_PRODUCTS_DIR; };
		47D664C617170AAF007C33CA /* UIKit.framework */ = {isa = PBXFileReference; lastKnownFileType = wrapper.framework; name = UIKit.framework; path = System/Library/Frameworks/UIKit.framework; sourceTree = SDKROOT; };
		47D664C817170AAF007C33CA /* Foundation.framework */ = {isa = PBXFileReference; lastKnownFileType = wrapper.framework; name = Foundation.framework; path = System/Library/Frameworks/Foundation.framework; sourceTree = SDKROOT; };
		47D664CA17170AAF007C33CA /* CoreGraphics.framework */ = {isa = PBXFileReference; lastKnownFileType = wrapper.framework; name = CoreGraphics.framework; path = System/Library/Frameworks/CoreGraphics.framework; sourceTree = SDKROOT; };
		47D664CE17170AAF007C33CA /* SorryNoBattery-Info.plist */ = {isa = PBXFileReference; lastKnownFileType = text.plist.xml; path = "SorryNoBattery-Info.plist"; sourceTree = "<group>"; };
		47D664D017170AAF007C33CA /* en */ = {isa = PBXFileReference; lastKnownFileType = text.plist.strings; name = en; path = en.lproj/InfoPlist.strings; sourceTree = "<group>"; };
		47D664D217170AAF007C33CA /* main.m */ = {isa = PBXFileReference; lastKnownFileType = sourcecode.c.objc; path = main.m; sourceTree = "<group>"; };
		47D664D417170AAF007C33CA /* SorryNoBattery-Prefix.pch */ = {isa = PBXFileReference; lastKnownFileType = sourcecode.c.h; path = "SorryNoBattery-Prefix.pch"; sourceTree = "<group>"; };
		47D664D517170AAF007C33CA /* AppDelegate.h */ = {isa = PBXFileReference; lastKnownFileType = sourcecode.c.h; path = AppDelegate.h; sourceTree = "<group>"; };
		47D664D617170AAF007C33CA /* AppDelegate.m */ = {isa = PBXFileReference; lastKnownFileType = sourcecode.c.objc; path = AppDelegate.m; sourceTree = "<group>"; };
		47D664D817170AAF007C33CA /* Default.png */ = {isa = PBXFileReference; lastKnownFileType = image.png; path = Default.png; sourceTree = "<group>"; };
		47D664DA17170AAF007C33CA /* Default@2x.png */ = {isa = PBXFileReference; lastKnownFileType = image.png; path = "Default@2x.png"; sourceTree = "<group>"; };
		47D664DC17170AAF007C33CA /* Default-568h@2x.png */ = {isa = PBXFileReference; lastKnownFileType = image.png; path = "Default-568h@2x.png"; sourceTree = "<group>"; };
		47D664DF17170AAF007C33CA /* en */ = {isa = PBXFileReference; lastKnownFileType = file.storyboard; name = en; path = en.lproj/MainStoryboard.storyboard; sourceTree = "<group>"; };
		47D664E117170AAF007C33CA /* ViewController.h */ = {isa = PBXFileReference; lastKnownFileType = sourcecode.c.h; path = ViewController.h; sourceTree = "<group>"; };
		47D664E217170AAF007C33CA /* ViewController.m */ = {isa = PBXFileReference; lastKnownFileType = sourcecode.c.objc; path = ViewController.m; sourceTree = "<group>"; };
		47D664EA17170C05007C33CA /* 1PercentBlue.JPG */ = {isa = PBXFileReference; lastKnownFileType = image.jpeg; name = 1PercentBlue.JPG; path = res/1PercentBlue.JPG; sourceTree = "<group>"; };
		47D664F017170D46007C33CA /* Logo_small.png */ = {isa = PBXFileReference; lastKnownFileType = image.png; name = Logo_small.png; path = ../Logo_small.png; sourceTree = "<group>"; };
		47D664F217170D5B007C33CA /* Logo.png */ = {isa = PBXFileReference; lastKnownFileType = image.png; name = Logo.png; path = ../Logo.png; sourceTree = "<group>"; };
/* End PBXFileReference section */

/* Begin PBXFrameworksBuildPhase section */
		47D664C017170AAF007C33CA /* Frameworks */ = {
			isa = PBXFrameworksBuildPhase;
			buildActionMask = 2147483647;
			files = (
				47D664C717170AAF007C33CA /* UIKit.framework in Frameworks */,
				47D664C917170AAF007C33CA /* Foundation.framework in Frameworks */,
				47D664CB17170AAF007C33CA /* CoreGraphics.framework in Frameworks */,
			);
			runOnlyForDeploymentPostprocessing = 0;
		};
/* End PBXFrameworksBuildPhase section */

/* Begin PBXGroup section */
		47D664BA17170AAF007C33CA = {
			isa = PBXGroup;
			children = (
				47D664CC17170AAF007C33CA /* SorryNoBattery */,
				47D664C517170AAF007C33CA /* Frameworks */,
				47D664C417170AAF007C33CA /* Products */,
			);
			sourceTree = "<group>";
		};
		47D664C417170AAF007C33CA /* Products */ = {
			isa = PBXGroup;
			children = (
				47D664C317170AAF007C33CA /* SorryNoBattery.app */,
			);
			name = Products;
			sourceTree = "<group>";
		};
		47D664C517170AAF007C33CA /* Frameworks */ = {
			isa = PBXGroup;
			children = (
				47D664C617170AAF007C33CA /* UIKit.framework */,
				47D664C817170AAF007C33CA /* Foundation.framework */,
				47D664CA17170AAF007C33CA /* CoreGraphics.framework */,
			);
			name = Frameworks;
			sourceTree = "<group>";
		};
		47D664CC17170AAF007C33CA /* SorryNoBattery */ = {
			isa = PBXGroup;
			children = (
				47D664E917170BF9007C33CA /* res */,
				47D664D517170AAF007C33CA /* AppDelegate.h */,
				47D664D617170AAF007C33CA /* AppDelegate.m */,
				47D664DE17170AAF007C33CA /* MainStoryboard.storyboard */,
				47D664E117170AAF007C33CA /* ViewController.h */,
				47D664E217170AAF007C33CA /* ViewController.m */,
				47D664CD17170AAF007C33CA /* Supporting Files */,
			);
			path = SorryNoBattery;
			sourceTree = "<group>";
		};
		47D664CD17170AAF007C33CA /* Supporting Files */ = {
			isa = PBXGroup;
			children = (
				47D664CE17170AAF007C33CA /* SorryNoBattery-Info.plist */,
				47D664CF17170AAF007C33CA /* InfoPlist.strings */,
				47D664D217170AAF007C33CA /* main.m */,
				47D664D417170AAF007C33CA /* SorryNoBattery-Prefix.pch */,
				47D664D817170AAF007C33CA /* Default.png */,
				47D664DA17170AAF007C33CA /* Default@2x.png */,
				47D664DC17170AAF007C33CA /* Default-568h@2x.png */,
			);
			name = "Supporting Files";
			sourceTree = "<group>";
		};
		47D664E917170BF9007C33CA /* res */ = {
			isa = PBXGroup;
			children = (
				47D664F017170D46007C33CA /* Logo_small.png */,
				47D664F217170D5B007C33CA /* Logo.png */,
				47D664EA17170C05007C33CA /* 1PercentBlue.JPG */,
			);
			name = res;
			sourceTree = "<group>";
		};
/* End PBXGroup section */

/* Begin PBXNativeTarget section */
		47D664C217170AAF007C33CA /* SorryNoBattery */ = {
			isa = PBXNativeTarget;
			buildConfigurationList = 47D664E617170AAF007C33CA /* Build configuration list for PBXNativeTarget "SorryNoBattery" */;
			buildPhases = (
				47D664BF17170AAF007C33CA /* Sources */,
				47D664C017170AAF007C33CA /* Frameworks */,
				47D664C117170AAF007C33CA /* Resources */,
			);
			buildRules = (
			);
			dependencies = (
			);
			name = SorryNoBattery;
			productName = SorryNoBattery;
			productReference = 47D664C317170AAF007C33CA /* SorryNoBattery.app */;
			productType = "com.apple.product-type.application";
		};
/* End PBXNativeTarget section */

/* Begin PBXProject section */
		47D664BB17170AAF007C33CA /* Project object */ = {
			isa = PBXProject;
			attributes = {
				LastUpgradeCheck = 0460;
				ORGANIZATIONNAME = "Xavier Roman";
			};
			buildConfigurationList = 47D664BE17170AAF007C33CA /* Build configuration list for PBXProject "SorryNoBattery" */;
			compatibilityVersion = "Xcode 3.2";
			developmentRegion = English;
			hasScannedForEncodings = 0;
			knownRegions = (
				en,
			);
			mainGroup = 47D664BA17170AAF007C33CA;
			productRefGroup = 47D664C417170AAF007C33CA /* Products */;
			projectDirPath = "";
			projectRoot = "";
			targets = (
				47D664C217170AAF007C33CA /* SorryNoBattery */,
			);
		};
/* End PBXProject section */

/* Begin PBXResourcesBuildPhase section */
		47D664C117170AAF007C33CA /* Resources */ = {
			isa = PBXResourcesBuildPhase;
			buildActionMask = 2147483647;
			files = (
				47D664D117170AAF007C33CA /* InfoPlist.strings in Resources */,
				47D664D917170AAF007C33CA /* Default.png in Resources */,
				47D664DB17170AAF007C33CA /* Default@2x.png in Resources */,
				47D664DD17170AAF007C33CA /* Default-568h@2x.png in Resources */,
				47D664E017170AAF007C33CA /* MainStoryboard.storyboard in Resources */,
				47D664ED17170C05007C33CA /* 1PercentBlue.JPG in Resources */,
				47D664F117170D46007C33CA /* Logo_small.png in Resources */,
				47D664F317170D5B007C33CA /* Logo.png in Resources */,
			);
			runOnlyForDeploymentPostprocessing = 0;
		};
/* End PBXResourcesBuildPhase section */

/* Begin PBXSourcesBuildPhase section */
		47D664BF17170AAF007C33CA /* Sources */ = {
			isa = PBXSourcesBuildPhase;
			buildActionMask = 2147483647;
			files = (
				47D664D317170AAF007C33CA /* main.m in Sources */,
				47D664D717170AAF007C33CA /* AppDelegate.m in Sources */,
				47D664E317170AAF007C33CA /* ViewController.m in Sources */,
			);
			runOnlyForDeploymentPostprocessing = 0;
		};
/* End PBXSourcesBuildPhase section */

/* Begin PBXVariantGroup section */
		47D664CF17170AAF007C33CA /* InfoPlist.strings */ = {
			isa = PBXVariantGroup;
			children = (
				47D664D017170AAF007C33CA /* en */,
			);
			name = InfoPlist.strings;
			sourceTree = "<group>";
		};
		47D664DE17170AAF007C33CA /* MainStoryboard.storyboard */ = {
			isa = PBXVariantGroup;
			children = (
				47D664DF17170AAF007C33CA /* en */,
			);
			name = MainStoryboard.storyboard;
			sourceTree = "<group>";
		};
/* End PBXVariantGroup section */

/* Begin XCBuildConfiguration section */
		47D664E417170AAF007C33CA /* Debug */ = {
			isa = XCBuildConfiguration;
			buildSettings = {
				ALWAYS_SEARCH_USER_PATHS = NO;
				CLANG_CXX_LANGUAGE_STANDARD = "gnu++0x";
				CLANG_CXX_LIBRARY = "libc++";
				CLANG_ENABLE_OBJC_ARC = YES;
				CLANG_WARN_CONSTANT_CONVERSION = YES;
				CLANG_WARN_EMPTY_BODY = YES;
				CLANG_WARN_ENUM_CONVERSION = YES;
				CLANG_WARN_INT_CONVERSION = YES;
				CLANG_WARN__DUPLICATE_METHOD_MATCH = YES;
				"CODE_SIGN_IDENTITY[sdk=iphoneos*]" = "iPhone Developer";
				COPY_PHASE_STRIP = NO;
				GCC_C_LANGUAGE_STANDARD = gnu99;
				GCC_DYNAMIC_NO_PIC = NO;
				GCC_OPTIMIZATION_LEVEL = 0;
				GCC_PREPROCESSOR_DEFINITIONS = (
					"DEBUG=1",
					"$(inherited)",
				);
				GCC_SYMBOLS_PRIVATE_EXTERN = NO;
				GCC_WARN_ABOUT_RETURN_TYPE = YES;
				GCC_WARN_UNINITIALIZED_AUTOS = YES;
				GCC_WARN_UNUSED_VARIABLE = YES;
				IPHONEOS_DEPLOYMENT_TARGET = 6.1;
				ONLY_ACTIVE_ARCH = YES;
				SDKROOT = iphoneos;
			};
			name = Debug;
		};
		47D664E517170AAF007C33CA /* Release */ = {
			isa = XCBuildConfiguration;
			buildSettings = {
				ALWAYS_SEARCH_USER_PATHS = NO;
				CLANG_CXX_LANGUAGE_STANDARD = "gnu++0x";
				CLANG_CXX_LIBRARY = "libc++";
				CLANG_ENABLE_OBJC_ARC = YES;
				CLANG_WARN_CONSTANT_CONVERSION = YES;
				CLANG_WARN_EMPTY_BODY = YES;
				CLANG_WARN_ENUM_CONVERSION = YES;
				CLANG_WARN_INT_CONVERSION = YES;
				CLANG_WARN__DUPLICATE_METHOD_MATCH = YES;
				"CODE_SIGN_IDENTITY[sdk=iphoneos*]" = "iPhone Developer";
				COPY_PHASE_STRIP = YES;
				GCC_C_LANGUAGE_STANDARD = gnu99;
				GCC_WARN_ABOUT_RETURN_TYPE = YES;
				GCC_WARN_UNINITIALIZED_AUTOS = YES;
				GCC_WARN_UNUSED_VARIABLE = YES;
				IPHONEOS_DEPLOYMENT_TARGET = 6.1;
				OTHER_CFLAGS = "-DNS_BLOCK_ASSERTIONS=1";
				SDKROOT = iphoneos;
				VALIDATE_PRODUCT = YES;
			};
			name = Release;
		};
		47D664E717170AAF007C33CA /* Debug */ = {
			isa = XCBuildConfiguration;
			buildSettings = {
				GCC_PRECOMPILE_PREFIX_HEADER = YES;
				GCC_PREFIX_HEADER = "SorryNoBattery/SorryNoBattery-Prefix.pch";
				INFOPLIST_FILE = "SorryNoBattery/SorryNoBattery-Info.plist";
				PRODUCT_NAME = "$(TARGET_NAME)";
				WRAPPER_EXTENSION = app;
			};
			name = Debug;
		};
		47D664E817170AAF007C33CA /* Release */ = {
			isa = XCBuildConfiguration;
			buildSettings = {
				GCC_PRECOMPILE_PREFIX_HEADER = YES;
				GCC_PREFIX_HEADER = "SorryNoBattery/SorryNoBattery-Prefix.pch";
				INFOPLIST_FILE = "SorryNoBattery/SorryNoBattery-Info.plist";
				PRODUCT_NAME = "$(TARGET_NAME)";
				WRAPPER_EXTENSION = app;
			};
			name = Release;
		};
/* End XCBuildConfiguration section */

/* Begin XCConfigurationList section */
		47D664BE17170AAF007C33CA /* Build configuration list for PBXProject "SorryNoBattery" */ = {
			isa = XCConfigurationList;
			buildConfigurations = (
				47D664E417170AAF007C33CA /* Debug */,
				47D664E517170AAF007C33CA /* Release */,
			);
			defaultConfigurationIsVisible = 0;
			defaultConfigurationName = Release;
		};
		47D664E617170AAF007C33CA /* Build configuration list for PBXNativeTarget "SorryNoBattery" */ = {
			isa = XCConfigurationList;
			buildConfigurations = (
				47D664E717170AAF007C33CA /* Debug */,
				47D664E817170AAF007C33CA /* Release */,
			);
			defaultConfigurationIsVisible = 0;
			defaultConfigurationName = Release;
		};
/* End XCConfigurationList section */
	};
	rootObject = 47D664BB17170AAF007C33CA /* Project object */;
}
